
Microsoft Visual Studio Solution File, Format Version 12.00
# Visual Studio Version 17
VisualStudioVersion = 17.8.34330.188
MinimumVisualStudioVersion = 10.0.40219.1
Project("{FAE04EC0-301F-11D3-BF4B-00C04F79EFBC}") = "bluetooth_control", "bluetooth_control\bluetooth_control.csproj", "{9BD8D7C2-6ADD-40BF-96D0-94F302B51DDF}"
EndProject
Global
	GlobalSection(SolutionConfigurationPlatforms) = preSolution
		Debug|Any CPU = Debug|Any CPU
		Release|Any CPU = Release|Any CPU
	EndGlobalSection
	GlobalSection(ProjectConfigurationPlatforms) = postSolution
		{9BD8D7C2-6ADD-40BF-96D0-94F302B51DDF}.Debug|Any CPU.ActiveCfg = Debug|Any CPU
		{9BD8D7C2-6ADD-40BF-96D0-94F302B51DDF}.Debug|Any CPU.Build.0 = Debug|Any CPU
		{9BD8D7C2-6ADD-40BF-96D0-94F302B51DDF}.Release|Any CPU.ActiveCfg = Release|Any CPU
		{9BD8D7C2-6ADD-40BF-96D0-94F302B51DDF}.Release|Any CPU.Build.0 = Release|Any CPU
	EndGlobalSection
	GlobalSection(SolutionProperties) = preSolution
		HideSolutionNode = FALSE
	EndGlobalSection
	GlobalSection(ExtensibilityGlobals) = postSolution
		SolutionGuid = {47D0BE44-B1EF-45E2-92AF-AA022FCE2298}
	EndGlobalSection
EndGlobal
